Microsoft Visual Studio Solution File, Format Version 11.00
# Visual Studio 2008

Project("{14D5670E-8231-0531-9FA1-792EDAA06FC8}") = "correccion_ex_01", "Assembly-CSharp.csproj", "{7585F45E-6E47-E287-C24D-4CFFAE61A51F}"
EndProject
Global
	GlobalSection(SolutionConfigurationPlatforms) = preSolution
		Debug|Any CPU = Debug|Any CPU
		Release|Any CPU = Release|Any CPU
	EndGlobalSection
	GlobalSection(ProjectConfigurationPlatforms) = postSolution
		{7585F45E-6E47-E287-C24D-4CFFAE61A51F}.Debug|Any CPU.ActiveCfg = Debug|Any CPU
		{7585F45E-6E47-E287-C24D-4CFFAE61A51F}.Debug|Any CPU.Build.0 = Debug|Any CPU
		{7585F45E-6E47-E287-C24D-4CFFAE61A51F}.Release|Any CPU.ActiveCfg = Release|Any CPU
		{7585F45E-6E47-E287-C24D-4CFFAE61A51F}.Release|Any CPU.Build.0 = Release|Any CPU
	EndGlobalSection
	GlobalSection(SolutionProperties) = preSolution
		HideSolutionNode = FALSE
	EndGlobalSection
	GlobalSection(MonoDevelopProperties) = preSolution
		StartupItem = Assembly-CSharp.csproj
	EndGlobalSection
EndGlobal
